
Microsoft Visual Studio Solution File, Format Version 12.00
# Visual Studio Version 17
VisualStudioVersion = 17.0.31903.59
MinimumVisualStudioVersion = 10.0.40219.1
Project("{FAE04EC0-301F-11D3-BF4B-00C04F79EFBC}") = "API", "API\API.csproj", "{00B7B5E9-8047-4B2A-90FE-3CF942AD3308}"
EndProject
Project("{FAE04EC0-301F-11D3-BF4B-00C04F79EFBC}") = "Application", "Application\Application.csproj", "{184604D5-3CA3-47C1-A2B4-5A99DE42CF70}"
EndProject
Project("{FAE04EC0-301F-11D3-BF4B-00C04F79EFBC}") = "Domain", "Domain\Domain.csproj", "{2B2FBCC4-1358-4B47-B519-38DA45C4BD90}"
EndProject
Project("{FAE04EC0-301F-11D3-BF4B-00C04F79EFBC}") = "Persistence", "Persistence\Persistence.csproj", "{98E69FDB-ACEE-4A53-9371-0794F4AAE5D0}"
EndProject
Project("{FAE04EC0-301F-11D3-BF4B-00C04F79EFBC}") = "Infrastructure", "Infrastructure\Infrastructure.csproj", "{E3E3F184-B3BC-4914-8207-C25A8566955C}"
EndProject
Global
	GlobalSection(SolutionConfigurationPlatforms) = preSolution
		Debug|Any CPU = Debug|Any CPU
		Release|Any CPU = Release|Any CPU
	EndGlobalSection
	GlobalSection(SolutionProperties) = preSolution
		HideSolutionNode = FALSE
	EndGlobalSection
	GlobalSection(ProjectConfigurationPlatforms) = postSolution
		{00B7B5E9-8047-4B2A-90FE-3CF942AD3308}.Debug|Any CPU.ActiveCfg = Debug|Any CPU
		{00B7B5E9-8047-4B2A-90FE-3CF942AD3308}.Debug|Any CPU.Build.0 = Debug|Any CPU
		{00B7B5E9-8047-4B2A-90FE-3CF942AD3308}.Release|Any CPU.ActiveCfg = Release|Any CPU
		{00B7B5E9-8047-4B2A-90FE-3CF942AD3308}.Release|Any CPU.Build.0 = Release|Any CPU
		{184604D5-3CA3-47C1-A2B4-5A99DE42CF70}.Debug|Any CPU.ActiveCfg = Debug|Any CPU
		{184604D5-3CA3-47C1-A2B4-5A99DE42CF70}.Debug|Any CPU.Build.0 = Debug|Any CPU
		{184604D5-3CA3-47C1-A2B4-5A99DE42CF70}.Release|Any CPU.ActiveCfg = Release|Any CPU
		{184604D5-3CA3-47C1-A2B4-5A99DE42CF70}.Release|Any CPU.Build.0 = Release|Any CPU
		{2B2FBCC4-1358-4B47-B519-38DA45C4BD90}.Debug|Any CPU.ActiveCfg = Debug|Any CPU
		{2B2FBCC4-1358-4B47-B519-38DA45C4BD90}.Debug|Any CPU.Build.0 = Debug|Any CPU
		{2B2FBCC4-1358-4B47-B519-38DA45C4BD90}.Release|Any CPU.ActiveCfg = Release|Any CPU
		{2B2FBCC4-1358-4B47-B519-38DA45C4BD90}.Release|Any CPU.Build.0 = Release|Any CPU
		{98E69FDB-ACEE-4A53-9371-0794F4AAE5D0}.Debug|Any CPU.ActiveCfg = Debug|Any CPU
		{98E69FDB-ACEE-4A53-9371-0794F4AAE5D0}.Debug|Any CPU.Build.0 = Debug|Any CPU
		{98E69FDB-ACEE-4A53-9371-0794F4AAE5D0}.Release|Any CPU.ActiveCfg = Release|Any CPU
		{98E69FDB-ACEE-4A53-9371-0794F4AAE5D0}.Release|Any CPU.Build.0 = Release|Any CPU
		{E3E3F184-B3BC-4914-8207-C25A8566955C}.Debug|Any CPU.ActiveCfg = Debug|Any CPU
		{E3E3F184-B3BC-4914-8207-C25A8566955C}.Debug|Any CPU.Build.0 = Debug|Any CPU
		{E3E3F184-B3BC-4914-8207-C25A8566955C}.Release|Any CPU.ActiveCfg = Release|Any CPU
		{E3E3F184-B3BC-4914-8207-C25A8566955C}.Release|Any CPU.Build.0 = Release|Any CPU
	EndGlobalSection
EndGlobal
